// !$*UTF8*$!
{
	archiveVersion = 1;
	classes = {
	};
	objectVersion = 50;
	objects = {

/* Begin PBXBuildFile section */
		34C7C5C5247BEB1A009D62EC /* AppDelegate.swift in Sources */ = {isa = PBXBuildFile; fileRef = 34C7C5C4247BEB1A009D62EC /* AppDelegate.swift */; };
		34C7C5C7247BEB1A009D62EC /* SceneDelegate.swift in Sources */ = {isa = PBXBuildFile; fileRef = 34C7C5C6247BEB1A009D62EC /* SceneDelegate.swift */; };
		34C7C5C9247BEB1A009D62EC /* ViewController.swift in Sources */ = {isa = PBXBuildFile; fileRef = 34C7C5C8247BEB1A009D62EC /* ViewController.swift */; };
		34C7C5CC247BEB1A009D62EC /* Main.storyboard in Resources */ = {isa = PBXBuildFile; fileRef = 34C7C5CA247BEB1A009D62EC /* Main.storyboard */; };
		34C7C5CE247BEB1B009D62EC /* Assets.xcassets in Resources */ = {isa = PBXBuildFile; fileRef = 34C7C5CD247BEB1B009D62EC /* Assets.xcassets */; };
		34C7C5D1247BEB1B009D62EC /* LaunchScreen.storyboard in Resources */ = {isa = PBXBuildFile; fileRef = 34C7C5CF247BEB1B009D62EC /* LaunchScreen.storyboard */; };
/* End PBXBuildFile section */

/* Begin PBXFileReference section */
		34C7C5C1247BEB1A009D62EC /* Slider 2.2.app */ = {isa = PBXFileReference; explicitFileType = wrapper.application; includeInIndex = 0; path = "Slider 2.2.app"; sourceTree = BUILT_PRODUCTS_DIR; };
		34C7C5C4247BEB1A009D62EC /* AppDelegate.swift */ = {isa = PBXFileReference; lastKnownFileType = sourcecode.swift; path = AppDelegate.swift; sourceTree = "<group>"; };
		34C7C5C6247BEB1A009D62EC /* SceneDelegate.swift */ = {isa = PBXFileReference; lastKnownFileType = sourcecode.swift; path = SceneDelegate.swift; sourceTree = "<group>"; };
		34C7C5C8247BEB1A009D62EC /* ViewController.swift */ = {isa = PBXFileReference; lastKnownFileType = sourcecode.swift; path = ViewController.swift; sourceTree = "<group>"; };
		34C7C5CB247BEB1A009D62EC /* Base */ = {isa = PBXFileReference; lastKnownFileType = file.storyboard; name = Base; path = Base.lproj/Main.storyboard; sourceTree = "<group>"; };
		34C7C5CD247BEB1B009D62EC /* Assets.xcassets */ = {isa = PBXFileReference; lastKnownFileType = folder.assetcatalog; path = Assets.xcassets; sourceTree = "<group>"; };
		34C7C5D0247BEB1B009D62EC /* Base */ = {isa = PBXFileReference; lastKnownFileType = file.storyboard; name = Base; path = Base.lproj/LaunchScreen.storyboard; sourceTree = "<group>"; };
		34C7C5D2247BEB1B009D62EC /* Info.plist */ = {isa = PBXFileReference; lastKnownFileType = text.plist.xml; path = Info.plist; sourceTree = "<group>"; };
/* End PBXFileReference section */

/* Begin PBXFrameworksBuildPhase section */
		34C7C5BE247BEB1A009D62EC /* Frameworks */ = {
			isa = PBXFrameworksBuildPhase;
			buildActionMask = 2147483647;
			files = (
			);
			runOnlyForDeploymentPostprocessing = 0;
		};
/* End PBXFrameworksBuildPhase section */

/* Begin PBXGroup section */
		34C7C5B8247BEB1A009D62EC = {
			isa = PBXGroup;
			children = (
				34C7C5C3247BEB1A009D62EC /* Slider 2.2 */,
				34C7C5C2247BEB1A009D62EC /* Products */,
			);
			sourceTree = "<group>";
		};
		34C7C5C2247BEB1A009D62EC /* Products */ = {
			isa = PBXGroup;
			children = (
				34C7C5C1247BEB1A009D62EC /* Slider 2.2.app */,
			);
			name = Products;
			sourceTree = "<group>";
		};
		34C7C5C3247BEB1A009D62EC /* Slider 2.2 */ = {
			isa = PBXGroup;
			children = (
				34C7C5C4247BEB1A009D62EC /* AppDelegate.swift */,
				34C7C5C6247BEB1A009D62EC /* SceneDelegate.swift */,
				34C7C5C8247BEB1A009D62EC /* ViewController.swift */,
				34C7C5CA247BEB1A009D62EC /* Main.storyboard */,
				34C7C5CD247BEB1B009D62EC /* Assets.xcassets */,
				34C7C5CF247BEB1B009D62EC /* LaunchScreen.storyboard */,
				34C7C5D2247BEB1B009D62EC /* Info.plist */,
			);
			path = "Slider 2.2";
			sourceTree = "<group>";
		};
/* End PBXGroup section */

/* Begin PBXNativeTarget section */
		34C7C5C0247BEB1A009D62EC /* Slider 2.2 */ = {
			isa = PBXNativeTarget;
			buildConfigurationList = 34C7C5D5247BEB1B009D62EC /* Build configuration list for PBXNativeTarget "Slider 2.2" */;
			buildPhases = (
				34C7C5BD247BEB1A009D62EC /* Sources */,
				34C7C5BE247BEB1A009D62EC /* Frameworks */,
				34C7C5BF247BEB1A009D62EC /* Resources */,
			);
			buildRules = (
			);
			dependencies = (
			);
			name = "Slider 2.2";
			productName = "Slider 2.2";
			productReference = 34C7C5C1247BEB1A009D62EC /* Slider 2.2.app */;
			productType = "com.apple.product-type.application";
		};
/* End PBXNativeTarget section */

/* Begin PBXProject section */
		34C7C5B9247BEB1A009D62EC /* Project object */ = {
			isa = PBXProject;
			attributes = {
				LastSwiftUpdateCheck = 1150;
				LastUpgradeCheck = 1150;
				ORGANIZATIONNAME = Kureev;
				TargetAttributes = {
					34C7C5C0247BEB1A009D62EC = {
						CreatedOnToolsVersion = 11.5;
					};
				};
			};
			buildConfigurationList = 34C7C5BC247BEB1A009D62EC /* Build configuration list for PBXProject "Slider 2.2" */;
			compatibilityVersion = "Xcode 9.3";
			developmentRegion = en;
			hasScannedForEncodings = 0;
			knownRegions = (
				en,
				Base,
			);
			mainGroup = 34C7C5B8247BEB1A009D62EC;
			productRefGroup = 34C7C5C2247BEB1A009D62EC /* Products */;
			projectDirPath = "";
			projectRoot = "";
			targets = (
				34C7C5C0247BEB1A009D62EC /* Slider 2.2 */,
			);
		};
/* End PBXProject section */

/* Begin PBXResourcesBuildPhase section */
		34C7C5BF247BEB1A009D62EC /* Resources */ = {
			isa = PBXResourcesBuildPhase;
			buildActionMask = 2147483647;
			files = (
				34C7C5D1247BEB1B009D62EC /* LaunchScreen.storyboard in Resources */,
				34C7C5CE247BEB1B009D62EC /* Assets.xcassets in Resources */,
				34C7C5CC247BEB1A009D62EC /* Main.storyboard in Resources */,
			);
			runOnlyForDeploymentPostprocessing = 0;
		};
/* End PBXResourcesBuildPhase section */

/* Begin PBXSourcesBuildPhase section */
		34C7C5BD247BEB1A009D62EC /* Sources */ = {
			isa = PBXSourcesBuildPhase;
			buildActionMask = 2147483647;
			files = (
				34C7C5C9247BEB1A009D62EC /* ViewController.swift in Sources */,
				34C7C5C5247BEB1A009D62EC /* AppDelegate.swift in Sources */,
				34C7C5C7247BEB1A009D62EC /* SceneDelegate.swift in Sources */,
			);
			runOnlyForDeploymentPostprocessing = 0;
		};
/* End PBXSourcesBuildPhase section */

/* Begin PBXVariantGroup section */
		34C7C5CA247BEB1A009D62EC /* Main.storyboard */ = {
			isa = PBXVariantGroup;
			children = (
				34C7C5CB247BEB1A009D62EC /* Base */,
			);
			name = Main.storyboard;
			sourceTree = "<group>";
		};
		34C7C5CF247BEB1B009D62EC /* LaunchScreen.storyboard */ = {
			isa = PBXVariantGroup;
			children = (
				34C7C5D0247BEB1B009D62EC /* Base */,
			);
			name = LaunchScreen.storyboard;
			sourceTree = "<group>";
		};
/* End PBXVariantGroup section */

/* Begin XCBuildConfiguration section */
		34C7C5D3247BEB1B009D62EC /* Debug */ = {
			isa = XCBuildConfiguration;
			buildSettings = {
				ALWAYS_SEARCH_USER_PATHS = NO;
				CLANG_ANALYZER_NONNULL = YES;
				CLANG_ANALYZER_NUMBER_OBJECT_CONVERSION = YES_AGGRESSIVE;
				CLANG_CXX_LANGUAGE_STANDARD = "gnu++14";
				CLANG_CXX_LIBRARY = "libc++";
				CLANG_ENABLE_MODULES = YES;
				CLANG_ENABLE_OBJC_ARC = YES;
				CLANG_ENABLE_OBJC_WEAK = YES;
				CLANG_WARN_BLOCK_CAPTURE_AUTORELEASING = YES;
				CLANG_WARN_BOOL_CONVERSION = YES;
				CLANG_WARN_COMMA = YES;
				CLANG_WARN_CONSTANT_CONVERSION = YES;
				CLANG_WARN_DEPRECATED_OBJC_IMPLEMENTATIONS = YES;
				CLANG_WARN_DIRECT_OBJC_ISA_USAGE = YES_ERROR;
				CLANG_WARN_DOCUMENTATION_COMMENTS = YES;
				CLANG_WARN_EMPTY_BODY = YES;
				CLANG_WARN_ENUM_CONVERSION = YES;
				CLANG_WARN_INFINITE_RECURSION = YES;
				CLANG_WARN_INT_CONVERSION = YES;
				CLANG_WARN_NON_LITERAL_NULL_CONVERSION = YES;
				CLANG_WARN_OBJC_IMPLICIT_RETAIN_SELF = YES;
				CLANG_WARN_OBJC_LITERAL_CONVERSION = YES;
				CLANG_WARN_OBJC_ROOT_CLASS = YES_ERROR;
				CLANG_WARN_RANGE_LOOP_ANALYSIS = YES;
				CLANG_WARN_STRICT_PROTOTYPES = YES;
				CLANG_WARN_SUSPICIOUS_MOVE = YES;
				CLANG_WARN_UNGUARDED_AVAILABILITY = YES_AGGRESSIVE;
				CLANG_WARN_UNREACHABLE_CODE = YES;
				CLANG_WARN__DUPLICATE_METHOD_MATCH = YES;
				COPY_PHASE_STRIP = NO;
				DEBUG_INFORMATION_FORMAT = dwarf;
				ENABLE_STRICT_OBJC_MSGSEND = YES;
				ENABLE_TESTABILITY = YES;
				GCC_C_LANGUAGE_STANDARD = gnu11;
				GCC_DYNAMIC_NO_PIC = NO;
				GCC_NO_COMMON_BLOCKS = YES;
				GCC_OPTIMIZATION_LEVEL = 0;
				GCC_PREPROCESSOR_DEFINITIONS = (
					"DEBUG=1",
					"$(inherited)",
				);
				GCC_WARN_64_TO_32_BIT_CONVERSION = YES;
				GCC_WARN_ABOUT_RETURN_TYPE = YES_ERROR;
				GCC_WARN_UNDECLARED_SELECTOR = YES;
				GCC_WARN_UNINITIALIZED_AUTOS = YES_AGGRESSIVE;
				GCC_WARN_UNUSED_FUNCTION = YES;
				GCC_WARN_UNUSED_VARIABLE = YES;
				IPHONEOS_DEPLOYMENT_TARGET = 13.5;
				MTL_ENABLE_DEBUG_INFO = INCLUDE_SOURCE;
				MTL_FAST_MATH = YES;
				ONLY_ACTIVE_ARCH = YES;
				SDKROOT = iphoneos;
				SWIFT_ACTIVE_COMPILATION_CONDITIONS = DEBUG;
				SWIFT_OPTIMIZATION_LEVEL = "-Onone";
			};
			name = Debug;
		};
		34C7C5D4247BEB1B009D62EC /* Release */ = {
			isa = XCBuildConfiguration;
			buildSettings = {
				ALWAYS_SEARCH_USER_PATHS = NO;
				CLANG_ANALYZER_NONNULL = YES;
				CLANG_ANALYZER_NUMBER_OBJECT_CONVERSION = YES_AGGRESSIVE;
				CLANG_CXX_LANGUAGE_STANDARD = "gnu++14";
				CLANG_CXX_LIBRARY = "libc++";
				CLANG_ENABLE_MODULES = YES;
				CLANG_ENABLE_OBJC_ARC = YES;
				CLANG_ENABLE_OBJC_WEAK = YES;
				CLANG_WARN_BLOCK_CAPTURE_AUTORELEASING = YES;
				CLANG_WARN_BOOL_CONVERSION = YES;
				CLANG_WARN_COMMA = YES;
				CLANG_WARN_CONSTANT_CONVERSION = YES;
				CLANG_WARN_DEPRECATED_OBJC_IMPLEMENTATIONS = YES;
				CLANG_WARN_DIRECT_OBJC_ISA_USAGE = YES_ERROR;
				CLANG_WARN_DOCUMENTATION_COMMENTS = YES;
				CLANG_WARN_EMPTY_BODY = YES;
				CLANG_WARN_ENUM_CONVERSION = YES;
				CLANG_WARN_INFINITE_RECURSION = YES;
				CLANG_WARN_INT_CONVERSION = YES;
				CLANG_WARN_NON_LITERAL_NULL_CONVERSION = YES;
				CLANG_WARN_OBJC_IMPLICIT_RETAIN_SELF = YES;
				CLANG_WARN_OBJC_LITERAL_CONVERSION = YES;
				CLANG_WARN_OBJC_ROOT_CLASS = YES_ERROR;
				CLANG_WARN_RANGE_LOOP_ANALYSIS = YES;
				CLANG_WARN_STRICT_PROTOTYPES = YES;
				CLANG_WARN_SUSPICIOUS_MOVE = YES;
				CLANG_WARN_UNGUARDED_AVAILABILITY = YES_AGGRESSIVE;
				CLANG_WARN_UNREACHABLE_CODE = YES;
				CLANG_WARN__DUPLICATE_METHOD_MATCH = YES;
				COPY_PHASE_STRIP = NO;
				DEBUG_INFORMATION_FORMAT = "dwarf-with-dsym";
				ENABLE_NS_ASSERTIONS = NO;
				ENABLE_STRICT_OBJC_MSGSEND = YES;
				GCC_C_LANGUAGE_STANDARD = gnu11;
				GCC_NO_COMMON_BLOCKS = YES;
				GCC_WARN_64_TO_32_BIT_CONVERSION = YES;
				GCC_WARN_ABOUT_RETURN_TYPE = YES_ERROR;
				GCC_WARN_UNDECLARED_SELECTOR = YES;
				GCC_WARN_UNINITIALIZED_AUTOS = YES_AGGRESSIVE;
				GCC_WARN_UNUSED_FUNCTION = YES;
				GCC_WARN_UNUSED_VARIABLE = YES;
				IPHONEOS_DEPLOYMENT_TARGET = 13.5;
				MTL_ENABLE_DEBUG_INFO = NO;
				MTL_FAST_MATH = YES;
				SDKROOT = iphoneos;
				SWIFT_COMPILATION_MODE = wholemodule;
				SWIFT_OPTIMIZATION_LEVEL = "-O";
				VALIDATE_PRODUCT = YES;
			};
			name = Release;
		};
		34C7C5D6247BEB1B009D62EC /* Debug */ = {
			isa = XCBuildConfiguration;
			buildSettings = {
				ASSETCATALOG_COMPILER_APPICON_NAME = AppIcon;
				CODE_SIGN_STYLE = Automatic;
				DEVELOPMENT_TEAM = DTF2D9K5A6;
				INFOPLIST_FILE = "Slider 2.2/Info.plist";
				LD_RUNPATH_SEARCH_PATHS = (
					"$(inherited)",
					"@executable_path/Frameworks",
				);
				PRODUCT_BUNDLE_IDENTIFIER = "-2345.Slider-2-2";
				PRODUCT_NAME = "$(TARGET_NAME)";
				SWIFT_VERSION = 5.0;
				TARGETED_DEVICE_FAMILY = "1,2";
			};
			name = Debug;
		};
		34C7C5D7247BEB1B009D62EC /* Release */ = {
			isa = XCBuildConfiguration;
			buildSettings = {
				ASSETCATALOG_COMPILER_APPICON_NAME = AppIcon;
				CODE_SIGN_STYLE = Automatic;
				DEVELOPMENT_TEAM = DTF2D9K5A6;
				INFOPLIST_FILE = "Slider 2.2/Info.plist";
				LD_RUNPATH_SEARCH_PATHS = (
					"$(inherited)",
					"@executable_path/Frameworks",
				);
				PRODUCT_BUNDLE_IDENTIFIER = "-2345.Slider-2-2";
				PRODUCT_NAME = "$(TARGET_NAME)";
				SWIFT_VERSION = 5.0;
				TARGETED_DEVICE_FAMILY = "1,2";
			};
			name = Release;
		};
/* End XCBuildConfiguration section */

/* Begin XCConfigurationList section */
		34C7C5BC247BEB1A009D62EC /* Build configuration list for PBXProject "Slider 2.2" */ = {
			isa = XCConfigurationList;
			buildConfigurations = (
				34C7C5D3247BEB1B009D62EC /* Debug */,
				34C7C5D4247BEB1B009D62EC /* Release */,
			);
			defaultConfigurationIsVisible = 0;
			defaultConfigurationName = Release;
		};
		34C7C5D5247BEB1B009D62EC /* Build configuration list for PBXNativeTarget "Slider 2.2" */ = {
			isa = XCConfigurationList;
			buildConfigurations = (
				34C7C5D6247BEB1B009D62EC /* Debug */,
				34C7C5D7247BEB1B009D62EC /* Release */,
			);
			defaultConfigurationIsVisible = 0;
			defaultConfigurationName = Release;
		};
/* End XCConfigurationList section */
	};
	rootObject = 34C7C5B9247BEB1A009D62EC /* Project object */;
}
